Microsoft Visual Studio Solution File, Format Version 12.00
# Visual Studio 2012
Project("{FAE04EC0-301F-11D3-BF4B-00C04F79EFBC}") = "StartEndHUDScreenGame01", "StartEndHUDScreenGame01.csproj", "{AA574315-F83C-41AC-AF7A-0475E266EAE4}"
EndProject
Global
	GlobalSection(SolutionConfigurationPlatforms) = preSolution
	Debug|Any CPU = Debug|Any CPU
	ExportDebug|Any CPU = ExportDebug|Any CPU
	ExportRelease|Any CPU = ExportRelease|Any CPU
	EndGlobalSection
	GlobalSection(ProjectConfigurationPlatforms) = postSolution
		{AA574315-F83C-41AC-AF7A-0475E266EAE4}.Debug|Any CPU.ActiveCfg = Debug|Any CPU
		{AA574315-F83C-41AC-AF7A-0475E266EAE4}.Debug|Any CPU.Build.0 = Debug|Any CPU
		{AA574315-F83C-41AC-AF7A-0475E266EAE4}.ExportDebug|Any CPU.ActiveCfg = ExportDebug|Any CPU
		{AA574315-F83C-41AC-AF7A-0475E266EAE4}.ExportDebug|Any CPU.Build.0 = ExportDebug|Any CPU
		{AA574315-F83C-41AC-AF7A-0475E266EAE4}.ExportRelease|Any CPU.ActiveCfg = ExportRelease|Any CPU
		{AA574315-F83C-41AC-AF7A-0475E266EAE4}.ExportRelease|Any CPU.Build.0 = ExportRelease|Any CPU
	EndGlobalSection
EndGlobal
